
Microsoft Visual Studio Solution File, Format Version 12.00
# Visual Studio Version 16
VisualStudioVersion = 16.0.31624.102
MinimumVisualStudioVersion = 10.0.40219.1
Project("{9A19103F-16F7-4668-BE54-9A1E7A4F7556}") = "ConsoleApp1", "ConsoleApp1\ConsoleApp1.csproj", "{3E3E2F67-8F59-4941-BDB1-264F6BB4BE49}"
EndProject
Project("{9A19103F-16F7-4668-BE54-9A1E7A4F7556}") = "Homework-Lesson-2", "Homework-Lesson-2\Homework-Lesson-2.csproj", "{8DCC0C2A-0F48-4C96-87EE-5FE0D4C20F64}"
EndProject
Project("{9A19103F-16F7-4668-BE54-9A1E7A4F7556}") = "Classwork-Lesson-3-condition-loops", "Classwork-Lesson-3-condition-loops\Classwork-Lesson-3-condition-loops.csproj", "{088CD941-CBCB-47C0-9065-2AC4A3CB8A77}"
EndProject
Project("{9A19103F-16F7-4668-BE54-9A1E7A4F7556}") = "Homework-Lesson-3-condition-loops", "Homework-Lesson-3-condition-loops\Homework-Lesson-3-condition-loops.csproj", "{85A4D756-56FD-4607-B12F-7B4F27539508}"
EndProject
Project("{9A19103F-16F7-4668-BE54-9A1E7A4F7556}") = "Homework-Lesson-4-methods", "Homework-Lesson-4-methods\Homework-Lesson-4-methods.csproj", "{49773C2B-2790-415A-8B44-3D4C7034283E}"
EndProject
Project("{FAE04EC0-301F-11D3-BF4B-00C04F79EFBC}") = "Classwork-Lesson-6-arrays", "Classwork-Lesson-6-arrays\Classwork-Lesson-6-arrays.csproj", "{5C854706-BF2B-4A26-B489-578BD0C8E072}"
EndProject
Project("{FAE04EC0-301F-11D3-BF4B-00C04F79EFBC}") = "Homework-Lesson-6-arrays", "Homework-Lesson-6-arrays\Homework-Lesson-6-arrays.csproj", "{8520C8EB-5110-44AB-86DB-47A8A149BA29}"
EndProject
Global
	GlobalSection(SolutionConfigurationPlatforms) = preSolution
		Debug|Any CPU = Debug|Any CPU
		Release|Any CPU = Release|Any CPU
	EndGlobalSection
	GlobalSection(ProjectConfigurationPlatforms) = postSolution
		{3E3E2F67-8F59-4941-BDB1-264F6BB4BE49}.Debug|Any CPU.ActiveCfg = Debug|Any CPU
		{3E3E2F67-8F59-4941-BDB1-264F6BB4BE49}.Debug|Any CPU.Build.0 = Debug|Any CPU
		{3E3E2F67-8F59-4941-BDB1-264F6BB4BE49}.Release|Any CPU.ActiveCfg = Release|Any CPU
		{3E3E2F67-8F59-4941-BDB1-264F6BB4BE49}.Release|Any CPU.Build.0 = Release|Any CPU
		{8DCC0C2A-0F48-4C96-87EE-5FE0D4C20F64}.Debug|Any CPU.ActiveCfg = Debug|Any CPU
		{8DCC0C2A-0F48-4C96-87EE-5FE0D4C20F64}.Debug|Any CPU.Build.0 = Debug|Any CPU
		{8DCC0C2A-0F48-4C96-87EE-5FE0D4C20F64}.Release|Any CPU.ActiveCfg = Release|Any CPU
		{8DCC0C2A-0F48-4C96-87EE-5FE0D4C20F64}.Release|Any CPU.Build.0 = Release|Any CPU
		{088CD941-CBCB-47C0-9065-2AC4A3CB8A77}.Debug|Any CPU.ActiveCfg = Debug|Any CPU
		{088CD941-CBCB-47C0-9065-2AC4A3CB8A77}.Debug|Any CPU.Build.0 = Debug|Any CPU
		{088CD941-CBCB-47C0-9065-2AC4A3CB8A77}.Release|Any CPU.ActiveCfg = Release|Any CPU
		{088CD941-CBCB-47C0-9065-2AC4A3CB8A77}.Release|Any CPU.Build.0 = Release|Any CPU
		{85A4D756-56FD-4607-B12F-7B4F27539508}.Debug|Any CPU.ActiveCfg = Debug|Any CPU
		{85A4D756-56FD-4607-B12F-7B4F27539508}.Debug|Any CPU.Build.0 = Debug|Any CPU
		{85A4D756-56FD-4607-B12F-7B4F27539508}.Release|Any CPU.ActiveCfg = Release|Any CPU
		{85A4D756-56FD-4607-B12F-7B4F27539508}.Release|Any CPU.Build.0 = Release|Any CPU
		{49773C2B-2790-415A-8B44-3D4C7034283E}.Debug|Any CPU.ActiveCfg = Debug|Any CPU
		{49773C2B-2790-415A-8B44-3D4C7034283E}.Debug|Any CPU.Build.0 = Debug|Any CPU
		{49773C2B-2790-415A-8B44-3D4C7034283E}.Release|Any CPU.ActiveCfg = Release|Any CPU
		{49773C2B-2790-415A-8B44-3D4C7034283E}.Release|Any CPU.Build.0 = Release|Any CPU
		{5C854706-BF2B-4A26-B489-578BD0C8E072}.Debug|Any CPU.ActiveCfg = Debug|Any CPU
		{5C854706-BF2B-4A26-B489-578BD0C8E072}.Debug|Any CPU.Build.0 = Debug|Any CPU
		{5C854706-BF2B-4A26-B489-578BD0C8E072}.Release|Any CPU.ActiveCfg = Release|Any CPU
		{5C854706-BF2B-4A26-B489-578BD0C8E072}.Release|Any CPU.Build.0 = Release|Any CPU
		{8520C8EB-5110-44AB-86DB-47A8A149BA29}.Debug|Any CPU.ActiveCfg = Debug|Any CPU
		{8520C8EB-5110-44AB-86DB-47A8A149BA29}.Debug|Any CPU.Build.0 = Debug|Any CPU
		{8520C8EB-5110-44AB-86DB-47A8A149BA29}.Release|Any CPU.ActiveCfg = Release|Any CPU
		{8520C8EB-5110-44AB-86DB-47A8A149BA29}.Release|Any CPU.Build.0 = Release|Any CPU
	EndGlobalSection
	GlobalSection(SolutionProperties) = preSolution
		HideSolutionNode = FALSE
	EndGlobalSection
	GlobalSection(ExtensibilityGlobals) = postSolution
		SolutionGuid = {8C3AB2E6-4A77-4AC0-B2F4-A023D21B65FD}
	EndGlobalSection
EndGlobal
